{
  "name": "Journalinkuy",
  "lockfileVersion": 2,
  "requires": true,
  "packages": {
    "": {
      "dependencies": {
        "@syncfusion/ej2-vue-calendars": "^20.3.56"
      }
    },
    "node_modules/@syncfusion/ej2-base": {
      "version": "20.3.56",
      "resolved": "https://registry.npmjs.org/@syncfusion/ej2-base/-/ej2-base-20.3.56.tgz",
      "integrity": "sha512-BeXX3XBOs1kv9/rki9f1kPuLbNJU06kJE8o0jLY62fEd/U5k2KkuG5Z/WbWHJIuQVH5dv57ZM2Adl3rG+vkvjg==",
      "dependencies": {
        "@syncfusion/ej2-icons": "~20.3.56"
      },
      "bin": {
        "syncfusion-license": "bin/syncfusion-license.js"
      }
    },
    "node_modules/@syncfusion/ej2-buttons": {
      "version": "20.3.56",
      "resolved": "https://registry.npmjs.org/@syncfusion/ej2-buttons/-/ej2-buttons-20.3.56.tgz",
      "integrity": "sha512-86CdaC4GgqsECeJbbrJt9gKsIT0tJ8EtolskKTarhtptKVfc/ET7Wr/ywV1EMf2/M8biRL9ev6jC8m5k8YbVrA==",
      "dependencies": {
        "@syncfusion/ej2-base": "~20.3.56"
      }
    },
    "node_modules/@syncfusion/ej2-calendars": {
      "version": "20.3.56",
      "resolved": "https://registry.npmjs.org/@syncfusion/ej2-calendars/-/ej2-calendars-20.3.56.tgz",
      "integrity": "sha512-Aw2nBsc9+vL0QzbJvb37ebDOvrdyCHs7DIn7ehLjOMaf02cB8w2919gOQ2/4xD/sCtAHtfLoM68k/MVb3M31hw==",
      "dependencies": {
        "@syncfusion/ej2-base": "~20.3.56",
        "@syncfusion/ej2-buttons": "~20.3.56",
        "@syncfusion/ej2-inputs": "~20.3.56",
        "@syncfusion/ej2-lists": "~20.3.56",
        "@syncfusion/ej2-popups": "~20.3.56"
      }
    },
    "node_modules/@syncfusion/ej2-data": {
      "version": "20.3.56",
      "resolved": "https://registry.npmjs.org/@syncfusion/ej2-data/-/ej2-data-20.3.56.tgz",
      "integrity": "sha512-Sb1LBOOkjS1fduHhrhelofIeAbV9TDzPnGwPHs+j0yZLX8Pvw7nBBANDzIX2R9nATVP3EIiGIcEyylYq3mPwtA==",
      "dependencies": {
        "@syncfusion/ej2-base": "~20.3.56"
      }
    },
    "node_modules/@syncfusion/ej2-icons": {
      "version": "20.3.56",
      "resolved": "https://registry.npmjs.org/@syncfusion/ej2-icons/-/ej2-icons-20.3.56.tgz",
      "integrity": "sha512-sv5y/J85PZU8fmFNG1b5ftLroQHFicTKcfKo0oy72KSKxdLZ3xd1pjMS9/5m5z609doksIbFltlisO0buhzflA=="
    },
    "node_modules/@syncfusion/ej2-inputs": {
      "version": "20.3.56",
      "resolved": "https://registry.npmjs.org/@syncfusion/ej2-inputs/-/ej2-inputs-20.3.56.tgz",
      "integrity": "sha512-w1kLCHnzDJog2fBZBArKMulifAur1PXSxMsXau1PLFLXLXvpfRpl3Qq4s17ksJIp4qEm74AmlwcUMfmunsa4wQ==",
      "dependencies": {
        "@syncfusion/ej2-base": "~20.3.56",
        "@syncfusion/ej2-buttons": "~20.3.56",
        "@syncfusion/ej2-popups": "~20.3.56",
        "@syncfusion/ej2-splitbuttons": "~20.3.56"
      }
    },
    "node_modules/@syncfusion/ej2-lists": {
      "version": "20.3.56",
      "resolved": "https://registry.npmjs.org/@syncfusion/ej2-lists/-/ej2-lists-20.3.56.tgz",
      "integrity": "sha512-I7BizR/RANyxzwSV+tuJMwN5sK2GHi7tOZpiaIGE8b5sm6ygffR9cIniomDvt4lz4JhmBeBrTpzJbpj4XjbCFQ==",
      "dependencies": {
        "@syncfusion/ej2-base": "~20.3.56",
        "@syncfusion/ej2-buttons": "~20.3.56",
        "@syncfusion/ej2-data": "~20.3.56"
      }
    },
    "node_modules/@syncfusion/ej2-popups": {
      "version": "20.3.56",
      "resolved": "https://registry.npmjs.org/@syncfusion/ej2-popups/-/ej2-popups-20.3.56.tgz",
      "integrity": "sha512-67fDJG3rMTDCfnvGaSfTciFAnhxpnPY0vfgOPe1FBdG7C+3AHhugYh4cOffdgenvNSCV6aBK8CIOtBJb/SSTEw==",
      "dependencies": {
        "@syncfusion/ej2-base": "~20.3.56",
        "@syncfusion/ej2-buttons": "~20.3.56"
      }
    },
    "node_modules/@syncfusion/ej2-splitbuttons": {
      "version": "20.3.56",
      "resolved": "https://registry.npmjs.org/@syncfusion/ej2-splitbuttons/-/ej2-splitbuttons-20.3.56.tgz",
      "integrity": "sha512-z0/j4CAaKu4YM3ggtcWm6ZDQjuE+wKp7sbC8iAXp1OM0WWrOYpB//SB5qV4jVuXajcsrImBlmrYsKR/XPt4Cuw==",
      "dependencies": {
        "@syncfusion/ej2-base": "~20.3.56",
        "@syncfusion/ej2-popups": "~20.3.56"
      }
    },
    "node_modules/@syncfusion/ej2-vue-base": {
      "version": "20.3.56",
      "resolved": "https://registry.npmjs.org/@syncfusion/ej2-vue-base/-/ej2-vue-base-20.3.56.tgz",
      "integrity": "sha512-lp0wAnWz5Ls06t46UnyxqJulU3z2ZvWdJNZp+BJkRPZW8nLBk9XuFl5HEirRaf9ljJsmSwtBMVzf8uYW1NxtNQ==",
      "hasInstallScript": true,
      "dependencies": {
        "@syncfusion/ej2-base": "~20.3.56",
        "glob": "^7.0.5"
      }
    },
    "node_modules/@syncfusion/ej2-vue-calendars": {
      "version": "20.3.56",
      "resolved": "https://registry.npmjs.org/@syncfusion/ej2-vue-calendars/-/ej2-vue-calendars-20.3.56.tgz",
      "integrity": "sha512-kGGOzgRKwApuCjhkPehTGAfTcXYHLLczDzWqPqZq+5uF0ZMD+9wyC5dXIpceflpxy+zBxbwEFTMqGLdr3tAXGA==",
      "hasInstallScript": true,
      "dependencies": {
        "@syncfusion/ej2-base": "~20.3.56",
        "@syncfusion/ej2-calendars": "20.3.56",
        "@syncfusion/ej2-vue-base": "~20.3.56"
      }
    },
    "node_modules/balanced-match": {
      "version": "1.0.2",
      "resolved": "https://registry.npmjs.org/balanced-match/-/balanced-match-1.0.2.tgz",
      "integrity": "sha512-3oSeUO0TMV67hN1AmbXsK4yaqU7tjiHlbxRDZOpH0KW9+CeX4bRAaX0Anxt0tx2MrpRpWwQaPwIlISEJhYU5Pw=="
    },
    "node_modules/brace-expansion": {
      "version": "1.1.11",
      "resolved": "https://registry.npmjs.org/brace-expansion/-/brace-expansion-1.1.11.tgz",
      "integrity": "sha512-iCuPHDFgrHX7H2vEI/5xpz07zSHB00TpugqhmYtVmMO6518mCuRMoOYFldEBl0g187ufozdaHgWKcYFb61qGiA==",
      "dependencies": {
        "balanced-match": "^1.0.0",
        "concat-map": "0.0.1"
      }
    },
    "node_modules/concat-map": {
      "version": "0.0.1",
      "resolved": "https://registry.npmjs.org/concat-map/-/concat-map-0.0.1.tgz",
      "integrity": "sha512-/Srv4dswyQNBfohGpz9o6Yb3Gz3SrUDqBH5rTuhGR7ahtlbYKnVxw2bCFMRljaA7EXHaXZ8wsHdodFvbkhKmqg=="
    },
    "node_modules/fs.realpath": {
      "version": "1.0.0",
      "resolved": "https://registry.npmjs.org/fs.realpath/-/fs.realpath-1.0.0.tgz",
      "integrity": "sha512-OO0pH2lK6a0hZnAdau5ItzHPI6pUlvI7jMVnxUQRtw4owF2wk8lOSabtGDCTP4Ggrg2MbGnWO9X8K1t4+fGMDw=="
    },
    "node_modules/glob": {
      "version": "7.2.3",
      "resolved": "https://registry.npmjs.org/glob/-/glob-7.2.3.tgz",
      "integrity": "sha512-nFR0zLpU2YCaRxwoCJvL6UvCH2JFyFVIvwTLsIf21AuHlMskA1hhTdk+LlYJtOlYt9v6dvszD2BGRqBL+iQK9Q==",
      "dependencies": {
        "fs.realpath": "^1.0.0",
        "inflight": "^1.0.4",
        "inherits": "2",
        "minimatch": "^3.1.1",
        "once": "^1.3.0",
        "path-is-absolute": "^1.0.0"
      },
      "engines": {
        "node": "*"
      },
      "funding": {
        "url": "https://github.com/sponsors/isaacs"
      }
    },
    "node_modules/inflight": {
      "version": "1.0.6",
      "resolved": "https://registry.npmjs.org/inflight/-/inflight-1.0.6.tgz",
      "integrity": "sha512-k92I/b08q4wvFscXCLvqfsHCrjrF7yiXsQuIVvVE7N82W3+aqpzuUdBbfhWcy/FZR3/4IgflMgKLOsvPDrGCJA==",
      "dependencies": {
        "once": "^1.3.0",
        "wrappy": "1"
      }
    },
    "node_modules/inherits": {
      "version": "2.0.4",
      "resolved": "https://registry.npmjs.org/inherits/-/inherits-2.0.4.tgz",
      "integrity": "sha512-k/vGaX4/Yla3WzyMCvTQOXYeIHvqOKtnqBduzTHpzpQZzAskKMhZ2K+EnBiSM9zGSoIFeMpXKxa4dYeZIQqewQ=="
    },
    "node_modules/minimatch": {
      "version": "3.1.2",
      "resolved": "https://registry.npmjs.org/minimatch/-/minimatch-3.1.2.tgz",
      "integrity": "sha512-J7p63hRiAjw1NDEww1W7i37+ByIrOWO5XQQAzZ3VOcL0PNybwpfmV/N05zFAzwQ9USyEcX6t3UO+K5aqBQOIHw==",
      "dependencies": {
        "brace-expansion": "^1.1.7"
      },
      "engines": {
        "node": "*"
      }
    },
    "node_modules/once": {
      "version": "1.4.0",
      "resolved": "https://registry.npmjs.org/once/-/once-1.4.0.tgz",
      "integrity": "sha512-lNaJgI+2Q5URQBkccEKHTQOPaXdUxnZZElQTZY0MFUAuaEqe1E+Nyvgdz/aIyNi6Z9MzO5dv1H8n58/GELp3+w==",
      "dependencies": {
        "wrappy": "1"
      }
    },
    "node_modules/path-is-absolute": {
      "version": "1.0.1",
      "resolved": "https://registry.npmjs.org/path-is-absolute/-/path-is-absolute-1.0.1.tgz",
      "integrity": "sha512-AVbw3UJ2e9bq64vSaS9Am0fje1Pa8pbGqTTsmXfaIiMpnr5DlDhfJOuLj9Sf95ZPVDAUerDfEk88MPmPe7UCQg==",
      "engines": {
        "node": ">=0.10.0"
      }
    },
    "node_modules/wrappy": {
      "version": "1.0.2",
      "resolved": "https://registry.npmjs.org/wrappy/-/wrappy-1.0.2.tgz",
      "integrity": "sha512-l4Sp/DRseor9wL6EvV2+TuQn63dMkPjZ/sp9XkghTEbV9KlPS1xUsZ3u7/IQO4wxtcFB4bgpQPRcR3QCvezPcQ=="
    }
  },
  "dependencies": {
    "@syncfusion/ej2-base": {
      "version": "20.3.56",
      "resolved": "https://registry.npmjs.org/@syncfusion/ej2-base/-/ej2-base-20.3.56.tgz",
      "integrity": "sha512-BeXX3XBOs1kv9/rki9f1kPuLbNJU06kJE8o0jLY62fEd/U5k2KkuG5Z/WbWHJIuQVH5dv57ZM2Adl3rG+vkvjg==",
      "requires": {
        "@syncfusion/ej2-icons": "~20.3.56"
      }
    },
    "@syncfusion/ej2-buttons": {
      "version": "20.3.56",
      "resolved": "https://registry.npmjs.org/@syncfusion/ej2-buttons/-/ej2-buttons-20.3.56.tgz",
      "integrity": "sha512-86CdaC4GgqsECeJbbrJt9gKsIT0tJ8EtolskKTarhtptKVfc/ET7Wr/ywV1EMf2/M8biRL9ev6jC8m5k8YbVrA==",
      "requires": {
        "@syncfusion/ej2-base": "~20.3.56"
      }
    },
    "@syncfusion/ej2-calendars": {
      "version": "20.3.56",
      "resolved": "https://registry.npmjs.org/@syncfusion/ej2-calendars/-/ej2-calendars-20.3.56.tgz",
      "integrity": "sha512-Aw2nBsc9+vL0QzbJvb37ebDOvrdyCHs7DIn7ehLjOMaf02cB8w2919gOQ2/4xD/sCtAHtfLoM68k/MVb3M31hw==",
      "requires": {
        "@syncfusion/ej2-base": "~20.3.56",
        "@syncfusion/ej2-buttons": "~20.3.56",
        "@syncfusion/ej2-inputs": "~20.3.56",
        "@syncfusion/ej2-lists": "~20.3.56",
        "@syncfusion/ej2-popups": "~20.3.56"
      }
    },
    "@syncfusion/ej2-data": {
      "version": "20.3.56",
      "resolved": "https://registry.npmjs.org/@syncfusion/ej2-data/-/ej2-data-20.3.56.tgz",
      "integrity": "sha512-Sb1LBOOkjS1fduHhrhelofIeAbV9TDzPnGwPHs+j0yZLX8Pvw7nBBANDzIX2R9nATVP3EIiGIcEyylYq3mPwtA==",
      "requires": {
        "@syncfusion/ej2-base": "~20.3.56"
      }
    },
    "@syncfusion/ej2-icons": {
      "version": "20.3.56",
      "resolved": "https://registry.npmjs.org/@syncfusion/ej2-icons/-/ej2-icons-20.3.56.tgz",
      "integrity": "sha512-sv5y/J85PZU8fmFNG1b5ftLroQHFicTKcfKo0oy72KSKxdLZ3xd1pjMS9/5m5z609doksIbFltlisO0buhzflA=="
    },
    "@syncfusion/ej2-inputs": {
      "version": "20.3.56",
      "resolved": "https://registry.npmjs.org/@syncfusion/ej2-inputs/-/ej2-inputs-20.3.56.tgz",
      "integrity": "sha512-w1kLCHnzDJog2fBZBArKMulifAur1PXSxMsXau1PLFLXLXvpfRpl3Qq4s17ksJIp4qEm74AmlwcUMfmunsa4wQ==",
      "requires": {
        "@syncfusion/ej2-base": "~20.3.56",
        "@syncfusion/ej2-buttons": "~20.3.56",
        "@syncfusion/ej2-popups": "~20.3.56",
        "@syncfusion/ej2-splitbuttons": "~20.3.56"
      }
    },
    "@syncfusion/ej2-lists": {
      "version": "20.3.56",
      "resolved": "https://registry.npmjs.org/@syncfusion/ej2-lists/-/ej2-lists-20.3.56.tgz",
      "integrity": "sha512-I7BizR/RANyxzwSV+tuJMwN5sK2GHi7tOZpiaIGE8b5sm6ygffR9cIniomDvt4lz4JhmBeBrTpzJbpj4XjbCFQ==",
      "requires": {
        "@syncfusion/ej2-base": "~20.3.56",
        "@syncfusion/ej2-buttons": "~20.3.56",
        "@syncfusion/ej2-data": "~20.3.56"
      }
    },
    "@syncfusion/ej2-popups": {
      "version": "20.3.56",
      "resolved": "https://registry.npmjs.org/@syncfusion/ej2-popups/-/ej2-popups-20.3.56.tgz",
      "integrity": "sha512-67fDJG3rMTDCfnvGaSfTciFAnhxpnPY0vfgOPe1FBdG7C+3AHhugYh4cOffdgenvNSCV6aBK8CIOtBJb/SSTEw==",
      "requires": {
        "@syncfusion/ej2-base": "~20.3.56",
        "@syncfusion/ej2-buttons": "~20.3.56"
      }
    },
    "@syncfusion/ej2-splitbuttons": {
      "version": "20.3.56",
      "resolved": "https://registry.npmjs.org/@syncfusion/ej2-splitbuttons/-/ej2-splitbuttons-20.3.56.tgz",
      "integrity": "sha512-z0/j4CAaKu4YM3ggtcWm6ZDQjuE+wKp7sbC8iAXp1OM0WWrOYpB//SB5qV4jVuXajcsrImBlmrYsKR/XPt4Cuw==",
      "requires": {
        "@syncfusion/ej2-base": "~20.3.56",
        "@syncfusion/ej2-popups": "~20.3.56"
      }
    },
    "@syncfusion/ej2-vue-base": {
      "version": "20.3.56",
      "resolved": "https://registry.npmjs.org/@syncfusion/ej2-vue-base/-/ej2-vue-base-20.3.56.tgz",
      "integrity": "sha512-lp0wAnWz5Ls06t46UnyxqJulU3z2ZvWdJNZp+BJkRPZW8nLBk9XuFl5HEirRaf9ljJsmSwtBMVzf8uYW1NxtNQ==",
      "requires": {
        "@syncfusion/ej2-base": "~20.3.56",
        "glob": "^7.0.5"
      }
    },
    "@syncfusion/ej2-vue-calendars": {
      "version": "20.3.56",
      "resolved": "https://registry.npmjs.org/@syncfusion/ej2-vue-calendars/-/ej2-vue-calendars-20.3.56.tgz",
      "integrity": "sha512-kGGOzgRKwApuCjhkPehTGAfTcXYHLLczDzWqPqZq+5uF0ZMD+9wyC5dXIpceflpxy+zBxbwEFTMqGLdr3tAXGA==",
      "requires": {
        "@syncfusion/ej2-base": "~20.3.56",
        "@syncfusion/ej2-calendars": "20.3.56",
        "@syncfusion/ej2-vue-base": "~20.3.56"
      }
    },
    "balanced-match": {
      "version": "1.0.2",
      "resolved": "https://registry.npmjs.org/balanced-match/-/balanced-match-1.0.2.tgz",
      "integrity": "sha512-3oSeUO0TMV67hN1AmbXsK4yaqU7tjiHlbxRDZOpH0KW9+CeX4bRAaX0Anxt0tx2MrpRpWwQaPwIlISEJhYU5Pw=="
    },
    "brace-expansion": {
      "version": "1.1.11",
      "resolved": "https://registry.npmjs.org/brace-expansion/-/brace-expansion-1.1.11.tgz",
      "integrity": "sha512-iCuPHDFgrHX7H2vEI/5xpz07zSHB00TpugqhmYtVmMO6518mCuRMoOYFldEBl0g187ufozdaHgWKcYFb61qGiA==",
      "requires": {
        "balanced-match": "^1.0.0",
        "concat-map": "0.0.1"
      }
    },
    "concat-map": {
      "version": "0.0.1",
      "resolved": "https://registry.npmjs.org/concat-map/-/concat-map-0.0.1.tgz",
      "integrity": "sha512-/Srv4dswyQNBfohGpz9o6Yb3Gz3SrUDqBH5rTuhGR7ahtlbYKnVxw2bCFMRljaA7EXHaXZ8wsHdodFvbkhKmqg=="
    },
    "fs.realpath": {
      "version": "1.0.0",
      "resolved": "https://registry.npmjs.org/fs.realpath/-/fs.realpath-1.0.0.tgz",
      "integrity": "sha512-OO0pH2lK6a0hZnAdau5ItzHPI6pUlvI7jMVnxUQRtw4owF2wk8lOSabtGDCTP4Ggrg2MbGnWO9X8K1t4+fGMDw=="
    },
    "glob": {
      "version": "7.2.3",
      "resolved": "https://registry.npmjs.org/glob/-/glob-7.2.3.tgz",
      "integrity": "sha512-nFR0zLpU2YCaRxwoCJvL6UvCH2JFyFVIvwTLsIf21AuHlMskA1hhTdk+LlYJtOlYt9v6dvszD2BGRqBL+iQK9Q==",
      "requires": {
        "fs.realpath": "^1.0.0",
        "inflight": "^1.0.4",
        "inherits": "2",
        "minimatch": "^3.1.1",
        "once": "^1.3.0",
        "path-is-absolute": "^1.0.0"
      }
    },
    "inflight": {
      "version": "1.0.6",
      "resolved": "https://registry.npmjs.org/inflight/-/inflight-1.0.6.tgz",
      "integrity": "sha512-k92I/b08q4wvFscXCLvqfsHCrjrF7yiXsQuIVvVE7N82W3+aqpzuUdBbfhWcy/FZR3/4IgflMgKLOsvPDrGCJA==",
      "requires": {
        "once": "^1.3.0",
        "wrappy": "1"
      }
    },
    "inherits": {
      "version": "2.0.4",
      "resolved": "https://registry.npmjs.org/inherits/-/inherits-2.0.4.tgz",
      "integrity": "sha512-k/vGaX4/Yla3WzyMCvTQOXYeIHvqOKtnqBduzTHpzpQZzAskKMhZ2K+EnBiSM9zGSoIFeMpXKxa4dYeZIQqewQ=="
    },
    "minimatch": {
      "version": "3.1.2",
      "resolved": "https://registry.npmjs.org/minimatch/-/minimatch-3.1.2.tgz",
      "integrity": "sha512-J7p63hRiAjw1NDEww1W7i37+ByIrOWO5XQQAzZ3VOcL0PNybwpfmV/N05zFAzwQ9USyEcX6t3UO+K5aqBQOIHw==",
      "requires": {
        "brace-expansion": "^1.1.7"
      }
    },
    "once": {
      "version": "1.4.0",
      "resolved": "https://registry.npmjs.org/once/-/once-1.4.0.tgz",
      "integrity": "sha512-lNaJgI+2Q5URQBkccEKHTQOPaXdUxnZZElQTZY0MFUAuaEqe1E+Nyvgdz/aIyNi6Z9MzO5dv1H8n58/GELp3+w==",
      "requires": {
        "wrappy": "1"
      }
    },
    "path-is-absolute": {
      "version": "1.0.1",
      "resolved": "https://registry.npmjs.org/path-is-absolute/-/path-is-absolute-1.0.1.tgz",
      "integrity": "sha512-AVbw3UJ2e9bq64vSaS9Am0fje1Pa8pbGqTTsmXfaIiMpnr5DlDhfJOuLj9Sf95ZPVDAUerDfEk88MPmPe7UCQg=="
    },
    "wrappy": {
      "version": "1.0.2",
      "resolved": "https://registry.npmjs.org/wrappy/-/wrappy-1.0.2.tgz",
      "integrity": "sha512-l4Sp/DRseor9wL6EvV2+TuQn63dMkPjZ/sp9XkghTEbV9KlPS1xUsZ3u7/IQO4wxtcFB4bgpQPRcR3QCvezPcQ=="
    }
  }
}
